// !$*UTF8*$!
{
	archiveVersion = 1;
	classes = {
	};
	objectVersion = 48;
	objects = {

/* Begin PBXBuildFile section */
		1D50EDCC208A87E000ECC6C1 /* WhaleTalkTests.swift in Sources */ = {isa = PBXBuildFile; fileRef = 1D50EDCB208A87E000ECC6C1 /* WhaleTalkTests.swift */; };
		D21AE075208CE1500034EC7E /* Whalify.framework in Frameworks */ = {isa = PBXBuildFile; fileRef = D21AE072208CE10A0034EC7E /* Whalify.framework */; };
		D21AE076208CE1500034EC7E /* Whalify.framework in Embed Frameworks */ = {isa = PBXBuildFile; fileRef = D21AE072208CE10A0034EC7E /* Whalify.framework */; settings = {ATTRIBUTES = (CodeSignOnCopy, RemoveHeadersOnCopy, ); }; };
		D25F5590208D07FB00D2DAB4 /* RecordingViewModel.swift in Sources */ = {isa = PBXBuildFile; fileRef = D25F558F208D07FB00D2DAB4 /* RecordingViewModel.swift */; };
		D2A8D6CB2089830B001491EA /* AppDelegate.swift in Sources */ = {isa = PBXBuildFile; fileRef = D2A8D6CA2089830B001491EA /* AppDelegate.swift */; };
		D2A8D6CD2089830B001491EA /* RecordView.swift in Sources */ = {isa = PBXBuildFile; fileRef = D2A8D6CC2089830B001491EA /* RecordView.swift */; };
		D2A8D6D52089830B001491EA /* LaunchScreen.storyboard in Resources */ = {isa = PBXBuildFile; fileRef = D2A8D6D32089830B001491EA /* LaunchScreen.storyboard */; };
/* End PBXBuildFile section */

/* Begin PBXContainerItemProxy section */
		1D50EDCE208A87E000ECC6C1 /* PBXContainerItemProxy */ = {
			isa = PBXContainerItemProxy;
			containerPortal = D2A8D6BF2089830B001491EA /* Project object */;
			proxyType = 1;
			remoteGlobalIDString = D2A8D6C62089830B001491EA;
			remoteInfo = WhaleTalk;
		};
		D21AE071208CE10A0034EC7E /* PBXContainerItemProxy */ = {
			isa = PBXContainerItemProxy;
			containerPortal = D21AE06C208CE10A0034EC7E /* Whalify.xcodeproj */;
			proxyType = 2;
			remoteGlobalIDString = D234CC07208CDE1E00BDC53F;
			remoteInfo = Whalify;
		};
		D21AE073208CE10A0034EC7E /* PBXContainerItemProxy */ = {
			isa = PBXContainerItemProxy;
			containerPortal = D21AE06C208CE10A0034EC7E /* Whalify.xcodeproj */;
			proxyType = 2;
			remoteGlobalIDString = D234CC10208CDE1E00BDC53F;
			remoteInfo = WhalifyTests;
		};
		D21AE077208CE1500034EC7E /* PBXContainerItemProxy */ = {
			isa = PBXContainerItemProxy;
			containerPortal = D21AE06C208CE10A0034EC7E /* Whalify.xcodeproj */;
			proxyType = 1;
			remoteGlobalIDString = D234CC06208CDE1E00BDC53F;
			remoteInfo = Whalify;
		};
/* End PBXContainerItemProxy section */

/* Begin PBXCopyFilesBuildPhase section */
		D234CC26208CDF6500BDC53F /* Embed Frameworks */ = {
			isa = PBXCopyFilesBuildPhase;
			buildActionMask = 2147483647;
			dstPath = "";
			dstSubfolderSpec = 10;
			files = (
				D21AE076208CE1500034EC7E /* Whalify.framework in Embed Frameworks */,
			);
			name = "Embed Frameworks";
			runOnlyForDeploymentPostprocessing = 0;
		};
/* End PBXCopyFilesBuildPhase section */

/* Begin PBXFileReference section */
		0D93B6EFB651943D42776FD8 /* Pods-WhaleTalk.debug.xcconfig */ = {isa = PBXFileReference; includeInIndex = 1; lastKnownFileType = text.xcconfig; name = "Pods-WhaleTalk.debug.xcconfig"; path = "Pods/Target Support Files/Pods-WhaleTalk/Pods-WhaleTalk.debug.xcconfig"; sourceTree = "<group>"; };
		1D50EDC9208A87E000ECC6C1 /* WhaleTalkTests.xctest */ = {isa = PBXFileReference; explicitFileType = wrapper.cfbundle; includeInIndex = 0; path = WhaleTalkTests.xctest; sourceTree = BUILT_PRODUCTS_DIR; };
		1D50EDCB208A87E000ECC6C1 /* WhaleTalkTests.swift */ = {isa = PBXFileReference; lastKnownFileType = sourcecode.swift; path = WhaleTalkTests.swift; sourceTree = "<group>"; };
		1D50EDCD208A87E000ECC6C1 /* Info.plist */ = {isa = PBXFileReference; lastKnownFileType = text.plist.xml; path = Info.plist; sourceTree = "<group>"; };
		39F8D7EEF6A8D5D965D9F31C /* Pods_WhaleTalk.framework */ = {isa = PBXFileReference; explicitFileType = wrapper.framework; includeInIndex = 0; path = Pods_WhaleTalk.framework; sourceTree = BUILT_PRODUCTS_DIR; };
		D21AE06C208CE10A0034EC7E /* Whalify.xcodeproj */ = {isa = PBXFileReference; lastKnownFileType = "wrapper.pb-project"; name = Whalify.xcodeproj; path = ../Whalify/Whalify.xcodeproj; sourceTree = "<group>"; };
		D25072FC208B7DC80080EB59 /* Pods_WhaleTalk.framework */ = {isa = PBXFileReference; explicitFileType = wrapper.framework; path = Pods_WhaleTalk.framework; sourceTree = BUILT_PRODUCTS_DIR; };
		D25F558F208D07FB00D2DAB4 /* RecordingViewModel.swift */ = {isa = PBXFileReference; lastKnownFileType = sourcecode.swift; path = RecordingViewModel.swift; sourceTree = "<group>"; };
		D2A8D6C72089830B001491EA /* WhaleTalk.app */ = {isa = PBXFileReference; explicitFileType = wrapper.application; includeInIndex = 0; path = WhaleTalk.app; sourceTree = BUILT_PRODUCTS_DIR; };
		D2A8D6CA2089830B001491EA /* AppDelegate.swift */ = {isa = PBXFileReference; lastKnownFileType = sourcecode.swift; path = AppDelegate.swift; sourceTree = "<group>"; };
		D2A8D6CC2089830B001491EA /* RecordView.swift */ = {isa = PBXFileReference; lastKnownFileType = sourcecode.swift; path = RecordView.swift; sourceTree = "<group>"; };
		D2A8D6D42089830B001491EA /* Base */ = {isa = PBXFileReference; lastKnownFileType = file.storyboard; name = Base; path = Base.lproj/LaunchScreen.storyboard; sourceTree = "<group>"; };
		D2A8D6D62089830B001491EA /* Info.plist */ = {isa = PBXFileReference; lastKnownFileType = text.plist.xml; path = Info.plist; sourceTree = "<group>"; };
		D2BB2E86208B7CD30065C102 /* Pods_WhaleTalk.framework */ = {isa = PBXFileReference; explicitFileType = wrapper.framework; path = Pods_WhaleTalk.framework; sourceTree = BUILT_PRODUCTS_DIR; };
		E52635FB3CC50270425683B4 /* Pods-WhaleTalk.release.xcconfig */ = {isa = PBXFileReference; includeInIndex = 1; lastKnownFileType = text.xcconfig; name = "Pods-WhaleTalk.release.xcconfig"; path = "Pods/Target Support Files/Pods-WhaleTalk/Pods-WhaleTalk.release.xcconfig"; sourceTree = "<group>"; };
/* End PBXFileReference section */

/* Begin PBXFrameworksBuildPhase section */
		1D50EDC6208A87E000ECC6C1 /* Frameworks */ = {
			isa = PBXFrameworksBuildPhase;
			buildActionMask = 2147483647;
			files = (
			);
			runOnlyForDeploymentPostprocessing = 0;
		};
		D2A8D6C42089830B001491EA /* Frameworks */ = {
			isa = PBXFrameworksBuildPhase;
			buildActionMask = 2147483647;
			files = (
				D21AE075208CE1500034EC7E /* Whalify.framework in Frameworks */,
			);
			runOnlyForDeploymentPostprocessing = 0;
		};
/* End PBXFrameworksBuildPhase section */

/* Begin PBXGroup section */
		012B6758A4048C1482580E48 /* Frameworks */ = {
			isa = PBXGroup;
			children = (
				D25072FC208B7DC80080EB59 /* Pods_WhaleTalk.framework */,
				D2BB2E86208B7CD30065C102 /* Pods_WhaleTalk.framework */,
				39F8D7EEF6A8D5D965D9F31C /* Pods_WhaleTalk.framework */,
			);
			name = Frameworks;
			sourceTree = "<group>";
		};
		1D50EDCA208A87E000ECC6C1 /* WhaleTalkTests */ = {
			isa = PBXGroup;
			children = (
				1D50EDCB208A87E000ECC6C1 /* WhaleTalkTests.swift */,
				1D50EDCD208A87E000ECC6C1 /* Info.plist */,
			);
			path = WhaleTalkTests;
			sourceTree = "<group>";
		};
		571F3EA40E0E9BE0936228B2 /* Pods */ = {
			isa = PBXGroup;
			children = (
				0D93B6EFB651943D42776FD8 /* Pods-WhaleTalk.debug.xcconfig */,
				E52635FB3CC50270425683B4 /* Pods-WhaleTalk.release.xcconfig */,
			);
			name = Pods;
			sourceTree = "<group>";
		};
		D21AE06D208CE10A0034EC7E /* Products */ = {
			isa = PBXGroup;
			children = (
				D21AE072208CE10A0034EC7E /* Whalify.framework */,
				D21AE074208CE10A0034EC7E /* WhalifyTests.xctest */,
			);
			name = Products;
			sourceTree = "<group>";
		};
		D25F558D208D07C200D2DAB4 /* RecordingSound */ = {
			isa = PBXGroup;
			children = (
				D25F558F208D07FB00D2DAB4 /* RecordingViewModel.swift */,
				D2A8D6CC2089830B001491EA /* RecordView.swift */,
			);
			path = RecordingSound;
			sourceTree = "<group>";
		};
		D25F558E208D07E500D2DAB4 /* Classes */ = {
			isa = PBXGroup;
			children = (
				D25F558D208D07C200D2DAB4 /* RecordingSound */,
			);
			path = Classes;
			sourceTree = "<group>";
		};
		D2A8D6BE2089830B001491EA = {
			isa = PBXGroup;
			children = (
				D21AE06C208CE10A0034EC7E /* Whalify.xcodeproj */,
				D2A8D6C92089830B001491EA /* WhaleTalk */,
				1D50EDCA208A87E000ECC6C1 /* WhaleTalkTests */,
				D2A8D6C82089830B001491EA /* Products */,
				571F3EA40E0E9BE0936228B2 /* Pods */,
				012B6758A4048C1482580E48 /* Frameworks */,
			);
			sourceTree = "<group>";
		};
		D2A8D6C82089830B001491EA /* Products */ = {
			isa = PBXGroup;
			children = (
				D2A8D6C72089830B001491EA /* WhaleTalk.app */,
				1D50EDC9208A87E000ECC6C1 /* WhaleTalkTests.xctest */,
			);
			name = Products;
			sourceTree = "<group>";
		};
		D2A8D6C92089830B001491EA /* WhaleTalk */ = {
			isa = PBXGroup;
			children = (
				D2A8D6CA2089830B001491EA /* AppDelegate.swift */,
				D2A8D6D32089830B001491EA /* LaunchScreen.storyboard */,
				D2A8D6D62089830B001491EA /* Info.plist */,
				D25F558E208D07E500D2DAB4 /* Classes */,
			);
			path = WhaleTalk;
			sourceTree = "<group>";
		};
/* End PBXGroup section */

/* Begin PBXNativeTarget section */
		1D50EDC8208A87E000ECC6C1 /* WhaleTalkTests */ = {
			isa = PBXNativeTarget;
			buildConfigurationList = 1D50EDD2208A87E000ECC6C1 /* Build configuration list for PBXNativeTarget "WhaleTalkTests" */;
			buildPhases = (
				1D50EDC5208A87E000ECC6C1 /* Sources */,
				1D50EDC6208A87E000ECC6C1 /* Frameworks */,
				1D50EDC7208A87E000ECC6C1 /* Resources */,
			);
			buildRules = (
			);
			dependencies = (
				1D50EDCF208A87E000ECC6C1 /* PBXTargetDependency */,
			);
			name = WhaleTalkTests;
			productName = WhaleTalkTests;
			productReference = 1D50EDC9208A87E000ECC6C1 /* WhaleTalkTests.xctest */;
			productType = "com.apple.product-type.bundle.unit-test";
		};
		D2A8D6C62089830B001491EA /* WhaleTalk */ = {
			isa = PBXNativeTarget;
			buildConfigurationList = D2A8D6D92089830B001491EA /* Build configuration list for PBXNativeTarget "WhaleTalk" */;
			buildPhases = (
				44626714AAE0B841481B86F7 /* [CP] Check Pods Manifest.lock */,
				D2A8D6C32089830B001491EA /* Sources */,
				D2A8D6C42089830B001491EA /* Frameworks */,
				D2A8D6C52089830B001491EA /* Resources */,
				E86DD07F0F0A01AE114F6A9C /* [CP] Embed Pods Frameworks */,
				D2BB2E84208B71460065C102 /* ShellScript */,
				D234CC26208CDF6500BDC53F /* Embed Frameworks */,
			);
			buildRules = (
			);
			dependencies = (
				D21AE078208CE1500034EC7E /* PBXTargetDependency */,
			);
			name = WhaleTalk;
			productName = WhaleTalk;
			productReference = D2A8D6C72089830B001491EA /* WhaleTalk.app */;
			productType = "com.apple.product-type.application";
		};
/* End PBXNativeTarget section */

/* Begin PBXProject section */
		D2A8D6BF2089830B001491EA /* Project object */ = {
			isa = PBXProject;
			attributes = {
				LastSwiftUpdateCheck = 0920;
				LastUpgradeCheck = 0920;
				ORGANIZATIONNAME = Bevtech;
				TargetAttributes = {
					1D50EDC8208A87E000ECC6C1 = {
						CreatedOnToolsVersion = 9.2;
						ProvisioningStyle = Automatic;
						TestTargetID = D2A8D6C62089830B001491EA;
					};
					D2A8D6C62089830B001491EA = {
						CreatedOnToolsVersion = 9.2;
						ProvisioningStyle = Automatic;
					};
				};
			};
			buildConfigurationList = D2A8D6C22089830B001491EA /* Build configuration list for PBXProject "WhaleTalk" */;
			compatibilityVersion = "Xcode 8.0";
			developmentRegion = en;
			hasScannedForEncodings = 0;
			knownRegions = (
				en,
				Base,
			);
			mainGroup = D2A8D6BE2089830B001491EA;
			productRefGroup = D2A8D6C82089830B001491EA /* Products */;
			projectDirPath = "";
			projectReferences = (
				{
					ProductGroup = D21AE06D208CE10A0034EC7E /* Products */;
					ProjectRef = D21AE06C208CE10A0034EC7E /* Whalify.xcodeproj */;
				},
			);
			projectRoot = "";
			targets = (
				D2A8D6C62089830B001491EA /* WhaleTalk */,
				1D50EDC8208A87E000ECC6C1 /* WhaleTalkTests */,
			);
		};
/* End PBXProject section */

/* Begin PBXReferenceProxy section */
		D21AE072208CE10A0034EC7E /* Whalify.framework */ = {
			isa = PBXReferenceProxy;
			fileType = wrapper.framework;
			path = Whalify.framework;
			remoteRef = D21AE071208CE10A0034EC7E /* PBXContainerItemProxy */;
			sourceTree = BUILT_PRODUCTS_DIR;
		};
		D21AE074208CE10A0034EC7E /* WhalifyTests.xctest */ = {
			isa = PBXReferenceProxy;
			fileType = wrapper.cfbundle;
			path = WhalifyTests.xctest;
			remoteRef = D21AE073208CE10A0034EC7E /* PBXContainerItemProxy */;
			sourceTree = BUILT_PRODUCTS_DIR;
		};
/* End PBXReferenceProxy section */

/* Begin PBXResourcesBuildPhase section */
		1D50EDC7208A87E000ECC6C1 /* Resources */ = {
			isa = PBXResourcesBuildPhase;
			buildActionMask = 2147483647;
			files = (
			);
			runOnlyForDeploymentPostprocessing = 0;
		};
		D2A8D6C52089830B001491EA /* Resources */ = {
			isa = PBXResourcesBuildPhase;
			buildActionMask = 2147483647;
			files = (
				D2A8D6D52089830B001491EA /* LaunchScreen.storyboard in Resources */,
			);
			runOnlyForDeploymentPostprocessing = 0;
		};
/* End PBXResourcesBuildPhase section */

/* Begin PBXShellScriptBuildPhase section */
		44626714AAE0B841481B86F7 /* [CP] Check Pods Manifest.lock */ = {
			isa = PBXShellScriptBuildPhase;
			buildActionMask = 2147483647;
			files = (
			);
			inputPaths = (
				"${PODS_PODFILE_DIR_PATH}/Podfile.lock",
				"${PODS_ROOT}/Manifest.lock",
			);
			name = "[CP] Check Pods Manifest.lock";
			outputPaths = (
				"$(DERIVED_FILE_DIR)/Pods-WhaleTalk-checkManifestLockResult.txt",
			);
			runOnlyForDeploymentPostprocessing = 0;
			shellPath = /bin/sh;
			shellScript = "diff \"${PODS_PODFILE_DIR_PATH}/Podfile.lock\" \"${PODS_ROOT}/Manifest.lock\" > /dev/null\nif [ $? != 0 ] ; then\n    # print error to STDERR\n    echo \"error: The sandbox is not in sync with the Podfile.lock. Run 'pod install' or update your CocoaPods installation.\" >&2\n    exit 1\nfi\n# This output is used by Xcode 'outputs' to avoid re-running this script phase.\necho \"SUCCESS\" > \"${SCRIPT_OUTPUT_FILE_0}\"\n";
			showEnvVarsInLog = 0;
		};
		D2BB2E84208B71460065C102 /* ShellScript */ = {
			isa = PBXShellScriptBuildPhase;
			buildActionMask = 2147483647;
			files = (
			);
			inputPaths = (
			);
			outputPaths = (
			);
			runOnlyForDeploymentPostprocessing = 0;
			shellPath = "/bin/sh -ex";
			shellScript = "\"${PODS_ROOT}/SwiftLint/swiftlint\"";
		};
		E86DD07F0F0A01AE114F6A9C /* [CP] Embed Pods Frameworks */ = {
			isa = PBXShellScriptBuildPhase;
			buildActionMask = 2147483647;
			files = (
			);
			inputPaths = (
				"${SRCROOT}/Pods/Target Support Files/Pods-WhaleTalk/Pods-WhaleTalk-frameworks.sh",
				"${BUILT_PRODUCTS_DIR}/IGListKit/IGListKit.framework",
				"${BUILT_PRODUCTS_DIR}/ReactiveCocoa/ReactiveCocoa.framework",
				"${BUILT_PRODUCTS_DIR}/ReactiveSwift/ReactiveSwift.framework",
				"${BUILT_PRODUCTS_DIR}/Result/Result.framework",
			);
			name = "[CP] Embed Pods Frameworks";
			outputPaths = (
				"${TARGET_BUILD_DIR}/${FRAMEWORKS_FOLDER_PATH}/IGListKit.framework",
				"${TARGET_BUILD_DIR}/${FRAMEWORKS_FOLDER_PATH}/ReactiveCocoa.framework",
				"${TARGET_BUILD_DIR}/${FRAMEWORKS_FOLDER_PATH}/ReactiveSwift.framework",
				"${TARGET_BUILD_DIR}/${FRAMEWORKS_FOLDER_PATH}/Result.framework",
			);
			runOnlyForDeploymentPostprocessing = 0;
			shellPath = /bin/sh;
			shellScript = "\"${SRCROOT}/Pods/Target Support Files/Pods-WhaleTalk/Pods-WhaleTalk-frameworks.sh\"\n";
			showEnvVarsInLog = 0;
		};
/* End PBXShellScriptBuildPhase section */

/* Begin PBXSourcesBuildPhase section */
		1D50EDC5208A87E000ECC6C1 /* Sources */ = {
			isa = PBXSourcesBuildPhase;
			buildActionMask = 2147483647;
			files = (
				1D50EDCC208A87E000ECC6C1 /* WhaleTalkTests.swift in Sources */,
			);
			runOnlyForDeploymentPostprocessing = 0;
		};
		D2A8D6C32089830B001491EA /* Sources */ = {
			isa = PBXSourcesBuildPhase;
			buildActionMask = 2147483647;
			files = (
				D2A8D6CD2089830B001491EA /* RecordView.swift in Sources */,
				D25F5590208D07FB00D2DAB4 /* RecordingViewModel.swift in Sources */,
				D2A8D6CB2089830B001491EA /* AppDelegate.swift in Sources */,
			);
			runOnlyForDeploymentPostprocessing = 0;
		};
/* End PBXSourcesBuildPhase section */

/* Begin PBXTargetDependency section */
		1D50EDCF208A87E000ECC6C1 /* PBXTargetDependency */ = {
			isa = PBXTargetDependency;
			target = D2A8D6C62089830B001491EA /* WhaleTalk */;
			targetProxy = 1D50EDCE208A87E000ECC6C1 /* PBXContainerItemProxy */;
		};
		D21AE078208CE1500034EC7E /* PBXTargetDependency */ = {
			isa = PBXTargetDependency;
			name = Whalify;
			targetProxy = D21AE077208CE1500034EC7E /* PBXContainerItemProxy */;
		};
/* End PBXTargetDependency section */

/* Begin PBXVariantGroup section */
		D2A8D6D32089830B001491EA /* LaunchScreen.storyboard */ = {
			isa = PBXVariantGroup;
			children = (
				D2A8D6D42089830B001491EA /* Base */,
			);
			name = LaunchScreen.storyboard;
			sourceTree = "<group>";
		};
/* End PBXVariantGroup section */

/* Begin XCBuildConfiguration section */
		1D50EDD0208A87E000ECC6C1 /* Debug */ = {
			isa = XCBuildConfiguration;
			buildSettings = {
				BUNDLE_LOADER = "$(TEST_HOST)";
				CODE_SIGN_STYLE = Automatic;
				DEVELOPMENT_TEAM = 4GY5S75A66;
				INFOPLIST_FILE = WhaleTalkTests/Info.plist;
				LD_RUNPATH_SEARCH_PATHS = "$(inherited) @executable_path/Frameworks @loader_path/Frameworks";
				PRODUCT_BUNDLE_IDENTIFIER = com.jvb.WhaleTalkTests;
				PRODUCT_NAME = "$(TARGET_NAME)";
				SWIFT_VERSION = 4.0;
				TARGETED_DEVICE_FAMILY = "1,2";
				TEST_HOST = "$(BUILT_PRODUCTS_DIR)/WhaleTalk.app/WhaleTalk";
			};
			name = Debug;
		};
		1D50EDD1208A87E000ECC6C1 /* Release */ = {
			isa = XCBuildConfiguration;
			buildSettings = {
				BUNDLE_LOADER = "$(TEST_HOST)";
				CODE_SIGN_STYLE = Automatic;
				DEVELOPMENT_TEAM = 4GY5S75A66;
				INFOPLIST_FILE = WhaleTalkTests/Info.plist;
				LD_RUNPATH_SEARCH_PATHS = "$(inherited) @executable_path/Frameworks @loader_path/Frameworks";
				PRODUCT_BUNDLE_IDENTIFIER = com.jvb.WhaleTalkTests;
				PRODUCT_NAME = "$(TARGET_NAME)";
				SWIFT_VERSION = 4.0;
				TARGETED_DEVICE_FAMILY = "1,2";
				TEST_HOST = "$(BUILT_PRODUCTS_DIR)/WhaleTalk.app/WhaleTalk";
			};
			name = Release;
		};
		D2A8D6D72089830B001491EA /* Debug */ = {
			isa = XCBuildConfiguration;
			buildSettings = {
				ALWAYS_SEARCH_USER_PATHS = NO;
				CLANG_ANALYZER_NONNULL = YES;
				CLANG_ANALYZER_NUMBER_OBJECT_CONVERSION = YES_AGGRESSIVE;
				CLANG_CXX_LANGUAGE_STANDARD = "gnu++14";
				CLANG_CXX_LIBRARY = "libc++";
				CLANG_ENABLE_MODULES = YES;
				CLANG_ENABLE_OBJC_ARC = YES;
				CLANG_WARN_BLOCK_CAPTURE_AUTORELEASING = YES;
				CLANG_WARN_BOOL_CONVERSION = YES;
				CLANG_WARN_COMMA = YES;
				CLANG_WARN_CONSTANT_CONVERSION = YES;
				CLANG_WARN_DIRECT_OBJC_ISA_USAGE = YES_ERROR;
				CLANG_WARN_DOCUMENTATION_COMMENTS = YES;
				CLANG_WARN_EMPTY_BODY = YES;
				CLANG_WARN_ENUM_CONVERSION = YES;
				CLANG_WARN_INFINITE_RECURSION = YES;
				CLANG_WARN_INT_CONVERSION = YES;
				CLANG_WARN_NON_LITERAL_NULL_CONVERSION = YES;
				CLANG_WARN_OBJC_LITERAL_CONVERSION = YES;
				CLANG_WARN_OBJC_ROOT_CLASS = YES_ERROR;
				CLANG_WARN_RANGE_LOOP_ANALYSIS = YES;
				CLANG_WARN_STRICT_PROTOTYPES = YES;
				CLANG_WARN_SUSPICIOUS_MOVE = YES;
				CLANG_WARN_UNGUARDED_AVAILABILITY = YES_AGGRESSIVE;
				CLANG_WARN_UNREACHABLE_CODE = YES;
				CLANG_WARN__DUPLICATE_METHOD_MATCH = YES;
				CODE_SIGN_IDENTITY = "iPhone Developer";
				COPY_PHASE_STRIP = NO;
				DEBUG_INFORMATION_FORMAT = dwarf;
				ENABLE_STRICT_OBJC_MSGSEND = YES;
				ENABLE_TESTABILITY = YES;
				GCC_C_LANGUAGE_STANDARD = gnu11;
				GCC_DYNAMIC_NO_PIC = NO;
				GCC_NO_COMMON_BLOCKS = YES;
				GCC_OPTIMIZATION_LEVEL = 0;
				GCC_PREPROCESSOR_DEFINITIONS = (
					"DEBUG=1",
					"$(inherited)",
				);
				GCC_WARN_64_TO_32_BIT_CONVERSION = YES;
				GCC_WARN_ABOUT_RETURN_TYPE = YES_ERROR;
				GCC_WARN_UNDECLARED_SELECTOR = YES;
				GCC_WARN_UNINITIALIZED_AUTOS = YES_AGGRESSIVE;
				GCC_WARN_UNUSED_FUNCTION = YES;
				GCC_WARN_UNUSED_VARIABLE = YES;
				IPHONEOS_DEPLOYMENT_TARGET = 11.0;
				MTL_ENABLE_DEBUG_INFO = YES;
				ONLY_ACTIVE_ARCH = YES;
				SDKROOT = iphoneos;
				SWIFT_ACTIVE_COMPILATION_CONDITIONS = DEBUG;
				SWIFT_OPTIMIZATION_LEVEL = "-Onone";
			};
			name = Debug;
		};
		D2A8D6D82089830B001491EA /* Release */ = {
			isa = XCBuildConfiguration;
			buildSettings = {
				ALWAYS_SEARCH_USER_PATHS = NO;
				CLANG_ANALYZER_NONNULL = YES;
				CLANG_ANALYZER_NUMBER_OBJECT_CONVERSION = YES_AGGRESSIVE;
				CLANG_CXX_LANGUAGE_STANDARD = "gnu++14";
				CLANG_CXX_LIBRARY = "libc++";
				CLANG_ENABLE_MODULES = YES;
				CLANG_ENABLE_OBJC_ARC = YES;
				CLANG_WARN_BLOCK_CAPTURE_AUTORELEASING = YES;
				CLANG_WARN_BOOL_CONVERSION = YES;
				CLANG_WARN_COMMA = YES;
				CLANG_WARN_CONSTANT_CONVERSION = YES;
				CLANG_WARN_DIRECT_OBJC_ISA_USAGE = YES_ERROR;
				CLANG_WARN_DOCUMENTATION_COMMENTS = YES;
				CLANG_WARN_EMPTY_BODY = YES;
				CLANG_WARN_ENUM_CONVERSION = YES;
				CLANG_WARN_INFINITE_RECURSION = YES;
				CLANG_WARN_INT_CONVERSION = YES;
				CLANG_WARN_NON_LITERAL_NULL_CONVERSION = YES;
				CLANG_WARN_OBJC_LITERAL_CONVERSION = YES;
				CLANG_WARN_OBJC_ROOT_CLASS = YES_ERROR;
				CLANG_WARN_RANGE_LOOP_ANALYSIS = YES;
				CLANG_WARN_STRICT_PROTOTYPES = YES;
				CLANG_WARN_SUSPICIOUS_MOVE = YES;
				CLANG_WARN_UNGUARDED_AVAILABILITY = YES_AGGRESSIVE;
				CLANG_WARN_UNREACHABLE_CODE = YES;
				CLANG_WARN__DUPLICATE_METHOD_MATCH = YES;
				CODE_SIGN_IDENTITY = "iPhone Developer";
				COPY_PHASE_STRIP = NO;
				DEBUG_INFORMATION_FORMAT = "dwarf-with-dsym";
				ENABLE_NS_ASSERTIONS = NO;
				ENABLE_STRICT_OBJC_MSGSEND = YES;
				GCC_C_LANGUAGE_STANDARD = gnu11;
				GCC_NO_COMMON_BLOCKS = YES;
				GCC_WARN_64_TO_32_BIT_CONVERSION = YES;
				GCC_WARN_ABOUT_RETURN_TYPE = YES_ERROR;
				GCC_WARN_UNDECLARED_SELECTOR = YES;
				GCC_WARN_UNINITIALIZED_AUTOS = YES_AGGRESSIVE;
				GCC_WARN_UNUSED_FUNCTION = YES;
				GCC_WARN_UNUSED_VARIABLE = YES;
				IPHONEOS_DEPLOYMENT_TARGET = 11.0;
				MTL_ENABLE_DEBUG_INFO = NO;
				SDKROOT = iphoneos;
				SWIFT_OPTIMIZATION_LEVEL = "-Owholemodule";
				VALIDATE_PRODUCT = YES;
			};
			name = Release;
		};
		D2A8D6DA2089830B001491EA /* Debug */ = {
			isa = XCBuildConfiguration;
			baseConfigurationReference = 0D93B6EFB651943D42776FD8 /* Pods-WhaleTalk.debug.xcconfig */;
			buildSettings = {
				ALWAYS_EMBED_SWIFT_STANDARD_LIBRARIES = YES;
				ASSETCATALOG_COMPILER_APPICON_NAME = AppIcon;
				CODE_SIGN_STYLE = Automatic;
				DEVELOPMENT_TEAM = 4GY5S75A66;
				INFOPLIST_FILE = WhaleTalk/Info.plist;
				IPHONEOS_DEPLOYMENT_TARGET = 11.0;
				LD_RUNPATH_SEARCH_PATHS = "$(inherited) @executable_path/Frameworks";
				PRODUCT_BUNDLE_IDENTIFIER = com.bevtech.WhaleTalk;
				PRODUCT_NAME = "$(TARGET_NAME)";
				SWIFT_VERSION = 4.0;
				TARGETED_DEVICE_FAMILY = "1,2";
			};
			name = Debug;
		};
		D2A8D6DB2089830B001491EA /* Release */ = {
			isa = XCBuildConfiguration;
			baseConfigurationReference = E52635FB3CC50270425683B4 /* Pods-WhaleTalk.release.xcconfig */;
			buildSettings = {
				ALWAYS_EMBED_SWIFT_STANDARD_LIBRARIES = YES;
				ASSETCATALOG_COMPILER_APPICON_NAME = AppIcon;
				CODE_SIGN_STYLE = Automatic;
				DEVELOPMENT_TEAM = 4GY5S75A66;
				INFOPLIST_FILE = WhaleTalk/Info.plist;
				IPHONEOS_DEPLOYMENT_TARGET = 11.0;
				LD_RUNPATH_SEARCH_PATHS = "$(inherited) @executable_path/Frameworks";
				PRODUCT_BUNDLE_IDENTIFIER = com.bevtech.WhaleTalk;
				PRODUCT_NAME = "$(TARGET_NAME)";
				SWIFT_VERSION = 4.0;
				TARGETED_DEVICE_FAMILY = "1,2";
			};
			name = Release;
		};
/* End XCBuildConfiguration section */

/* Begin XCConfigurationList section */
		1D50EDD2208A87E000ECC6C1 /* Build configuration list for PBXNativeTarget "WhaleTalkTests" */ = {
			isa = XCConfigurationList;
			buildConfigurations = (
				1D50EDD0208A87E000ECC6C1 /* Debug */,
				1D50EDD1208A87E000ECC6C1 /* Release */,
			);
			defaultConfigurationIsVisible = 0;
			defaultConfigurationName = Release;
		};
		D2A8D6C22089830B001491EA /* Build configuration list for PBXProject "WhaleTalk" */ = {
			isa = XCConfigurationList;
			buildConfigurations = (
				D2A8D6D72089830B001491EA /* Debug */,
				D2A8D6D82089830B001491EA /* Release */,
			);
			defaultConfigurationIsVisible = 0;
			defaultConfigurationName = Release;
		};
		D2A8D6D92089830B001491EA /* Build configuration list for PBXNativeTarget "WhaleTalk" */ = {
			isa = XCConfigurationList;
			buildConfigurations = (
				D2A8D6DA2089830B001491EA /* Debug */,
				D2A8D6DB2089830B001491EA /* Release */,
			);
			defaultConfigurationIsVisible = 0;
			defaultConfigurationName = Release;
		};
/* End XCConfigurationList section */
	};
	rootObject = D2A8D6BF2089830B001491EA /* Project object */;
}
